
Microsoft Visual Studio Solution File, Format Version 12.00
# Visual Studio Version 17
VisualStudioVersion = 17.11.35327.3
MinimumVisualStudioVersion = 10.0.40219.1
Project("{FAE04EC0-301F-11D3-BF4B-00C04F79EFBC}") = "Sentry#3694", "Sentry#3694\Sentry#3694.csproj", "{0FD62F4F-4B3B-4F8B-85BB-94BFA5E84AA8}"
EndProject
Global
	GlobalSection(SolutionConfigurationPlatforms) = preSolution
		Debug|Any CPU = Debug|Any CPU
		Release|Any CPU = Release|Any CPU
	EndGlobalSection
	GlobalSection(ProjectConfigurationPlatforms) = postSolution
		{0FD62F4F-4B3B-4F8B-85BB-94BFA5E84AA8}.Debug|Any CPU.ActiveCfg = Debug|Any CPU
		{0FD62F4F-4B3B-4F8B-85BB-94BFA5E84AA8}.Debug|Any CPU.Build.0 = Debug|Any CPU
		{0FD62F4F-4B3B-4F8B-85BB-94BFA5E84AA8}.Debug|Any CPU.Deploy.0 = Debug|Any CPU
		{0FD62F4F-4B3B-4F8B-85BB-94BFA5E84AA8}.Release|Any CPU.ActiveCfg = Release|Any CPU
		{0FD62F4F-4B3B-4F8B-85BB-94BFA5E84AA8}.Release|Any CPU.Build.0 = Release|Any CPU
		{0FD62F4F-4B3B-4F8B-85BB-94BFA5E84AA8}.Release|Any CPU.Deploy.0 = Release|Any CPU
	EndGlobalSection
	GlobalSection(SolutionProperties) = preSolution
		HideSolutionNode = FALSE
	EndGlobalSection
	GlobalSection(ExtensibilityGlobals) = postSolution
		SolutionGuid = {C42A9726-A9E6-436D-9DAF-0FCCB0D62CF7}
	EndGlobalSection
EndGlobal
